
Microsoft Visual Studio Solution File, Format Version 12.00
# Visual Studio Version 17
VisualStudioVersion = 17.4.33403.182
MinimumVisualStudioVersion = 10.0.40219.1
Project("{9A19103F-16F7-4668-BE54-9A1E7A4F7556}") = "SFA.DAS.LearnerVerification.Api", "SFA.DAS.LearnerVerification.Api\SFA.DAS.LearnerVerification.Api.csproj", "{7D0AFC49-48AB-4D7F-A0CE-6AFD0B28869A}"
EndProject
Project("{9A19103F-16F7-4668-BE54-9A1E7A4F7556}") = "SFA.DAS.LearnerVerification.Queries", "SFA.DAS.LearnerVerification.Queries\SFA.DAS.LearnerVerification.Queries.csproj", "{59D95B99-545F-449B-895C-BA9093C3E08D}"
EndProject
Project("{9A19103F-16F7-4668-BE54-9A1E7A4F7556}") = "SFA.DAS.LearnerVerification.Services", "SFA.DAS.LearnerVerification.Services\SFA.DAS.LearnerVerification.Services.csproj", "{2E692C1B-74ED-4F35-B2AC-8FC70EAE070B}"
EndProject
Project("{9A19103F-16F7-4668-BE54-9A1E7A4F7556}") = "SFA.DAS.LearnerVerification.Services.UnitTests", "Tests\SFA.DAS.LearnerVerification.Services.UnitTests\SFA.DAS.LearnerVerification.Services.UnitTests.csproj", "{EA4F96F6-9826-46F3-B7EA-189035A78277}"
EndProject
Project("{2150E333-8FDC-42A3-9474-1A3956D46DE8}") = "Tests", "Tests", "{190C3DE6-9069-48A8-A9E1-639EED97FFF1}"
EndProject
Project("{9A19103F-16F7-4668-BE54-9A1E7A4F7556}") = "SFA.DAS.LearnerVerification.Types", "SFA.DAS.LearnerVerification.Types\SFA.DAS.LearnerVerification.Types.csproj", "{301FE008-9F97-4E20-ADFE-2C193AF80A41}"
EndProject
Project("{9A19103F-16F7-4668-BE54-9A1E7A4F7556}") = "SFA.DAS.LearnerVerification.Infrastructure", "SFA.DAS.LearnerVerification.Infrastructure\SFA.DAS.LearnerVerification.Infrastructure.csproj", "{F9E1C0EE-B4E6-4A2A-B5B4-0BA0BEC27FD5}"
EndProject
Project("{9A19103F-16F7-4668-BE54-9A1E7A4F7556}") = "SFA.DAS.LearnerVerification.Queries.UnitTests", "Tests\SFA.DAS.LearnerVerification.Queries.UnitTests\SFA.DAS.LearnerVerification.Queries.UnitTests.csproj", "{B463536F-47B4-442F-9EF3-3C8F0B24E50D}"
EndProject
Project("{9A19103F-16F7-4668-BE54-9A1E7A4F7556}") = "SFA.DAS.LearnerVerification.Api.UnitTests", "Tests\SFA.DAS.LearnerVerification.Api.UnitTests\SFA.DAS.LearnerVerification.Api.UnitTests.csproj", "{05A9C867-5DC2-460D-AB2B-CC6858807F8D}"
EndProject
Global
	GlobalSection(SolutionConfigurationPlatforms) = preSolution
		Debug|Any CPU = Debug|Any CPU
		Release|Any CPU = Release|Any CPU
	EndGlobalSection
	GlobalSection(ProjectConfigurationPlatforms) = postSolution
		{7D0AFC49-48AB-4D7F-A0CE-6AFD0B28869A}.Debug|Any CPU.ActiveCfg = Debug|Any CPU
		{7D0AFC49-48AB-4D7F-A0CE-6AFD0B28869A}.Debug|Any CPU.Build.0 = Debug|Any CPU
		{7D0AFC49-48AB-4D7F-A0CE-6AFD0B28869A}.Release|Any CPU.ActiveCfg = Release|Any CPU
		{7D0AFC49-48AB-4D7F-A0CE-6AFD0B28869A}.Release|Any CPU.Build.0 = Release|Any CPU
		{59D95B99-545F-449B-895C-BA9093C3E08D}.Debug|Any CPU.ActiveCfg = Debug|Any CPU
		{59D95B99-545F-449B-895C-BA9093C3E08D}.Debug|Any CPU.Build.0 = Debug|Any CPU
		{59D95B99-545F-449B-895C-BA9093C3E08D}.Release|Any CPU.ActiveCfg = Release|Any CPU
		{59D95B99-545F-449B-895C-BA9093C3E08D}.Release|Any CPU.Build.0 = Release|Any CPU
		{2E692C1B-74ED-4F35-B2AC-8FC70EAE070B}.Debug|Any CPU.ActiveCfg = Debug|Any CPU
		{2E692C1B-74ED-4F35-B2AC-8FC70EAE070B}.Debug|Any CPU.Build.0 = Debug|Any CPU
		{2E692C1B-74ED-4F35-B2AC-8FC70EAE070B}.Release|Any CPU.ActiveCfg = Release|Any CPU
		{2E692C1B-74ED-4F35-B2AC-8FC70EAE070B}.Release|Any CPU.Build.0 = Release|Any CPU
		{EA4F96F6-9826-46F3-B7EA-189035A78277}.Debug|Any CPU.ActiveCfg = Debug|Any CPU
		{EA4F96F6-9826-46F3-B7EA-189035A78277}.Debug|Any CPU.Build.0 = Debug|Any CPU
		{EA4F96F6-9826-46F3-B7EA-189035A78277}.Release|Any CPU.ActiveCfg = Release|Any CPU
		{EA4F96F6-9826-46F3-B7EA-189035A78277}.Release|Any CPU.Build.0 = Release|Any CPU
		{301FE008-9F97-4E20-ADFE-2C193AF80A41}.Debug|Any CPU.ActiveCfg = Debug|Any CPU
		{301FE008-9F97-4E20-ADFE-2C193AF80A41}.Debug|Any CPU.Build.0 = Debug|Any CPU
		{301FE008-9F97-4E20-ADFE-2C193AF80A41}.Release|Any CPU.ActiveCfg = Release|Any CPU
		{301FE008-9F97-4E20-ADFE-2C193AF80A41}.Release|Any CPU.Build.0 = Release|Any CPU
		{F9E1C0EE-B4E6-4A2A-B5B4-0BA0BEC27FD5}.Debug|Any CPU.ActiveCfg = Debug|Any CPU
		{F9E1C0EE-B4E6-4A2A-B5B4-0BA0BEC27FD5}.Debug|Any CPU.Build.0 = Debug|Any CPU
		{F9E1C0EE-B4E6-4A2A-B5B4-0BA0BEC27FD5}.Release|Any CPU.ActiveCfg = Release|Any CPU
		{F9E1C0EE-B4E6-4A2A-B5B4-0BA0BEC27FD5}.Release|Any CPU.Build.0 = Release|Any CPU
		{B463536F-47B4-442F-9EF3-3C8F0B24E50D}.Debug|Any CPU.ActiveCfg = Debug|Any CPU
		{B463536F-47B4-442F-9EF3-3C8F0B24E50D}.Debug|Any CPU.Build.0 = Debug|Any CPU
		{B463536F-47B4-442F-9EF3-3C8F0B24E50D}.Release|Any CPU.ActiveCfg = Release|Any CPU
		{B463536F-47B4-442F-9EF3-3C8F0B24E50D}.Release|Any CPU.Build.0 = Release|Any CPU
		{05A9C867-5DC2-460D-AB2B-CC6858807F8D}.Debug|Any CPU.ActiveCfg = Debug|Any CPU
		{05A9C867-5DC2-460D-AB2B-CC6858807F8D}.Debug|Any CPU.Build.0 = Debug|Any CPU
		{05A9C867-5DC2-460D-AB2B-CC6858807F8D}.Release|Any CPU.ActiveCfg = Release|Any CPU
		{05A9C867-5DC2-460D-AB2B-CC6858807F8D}.Release|Any CPU.Build.0 = Release|Any CPU
	EndGlobalSection
	GlobalSection(SolutionProperties) = preSolution
		HideSolutionNode = FALSE
	EndGlobalSection
	GlobalSection(NestedProjects) = preSolution
		{EA4F96F6-9826-46F3-B7EA-189035A78277} = {190C3DE6-9069-48A8-A9E1-639EED97FFF1}
		{B463536F-47B4-442F-9EF3-3C8F0B24E50D} = {190C3DE6-9069-48A8-A9E1-639EED97FFF1}
		{05A9C867-5DC2-460D-AB2B-CC6858807F8D} = {190C3DE6-9069-48A8-A9E1-639EED97FFF1}
	EndGlobalSection
	GlobalSection(ExtensibilityGlobals) = postSolution
		SolutionGuid = {1C4D9936-2743-4446-8491-D75DB2B559F9}
	EndGlobalSection
EndGlobal
